
Microsoft Visual Studio Solution File, Format Version 12.00
# Visual Studio Version 16
VisualStudioVersion = 16.0.30128.74
MinimumVisualStudioVersion = 10.0.40219.1
Project("{FAE04EC0-301F-11D3-BF4B-00C04F79EFBC}") = "ShopHeroesAutoTeamBuilder", "ShopHeroesAutoTeamBuilder\ShopHeroesAutoTeamBuilder.csproj", "{631910E7-8DC9-430D-A80B-AE9AB74BF931}"
EndProject
Global
	GlobalSection(SolutionConfigurationPlatforms) = preSolution
		Debug|Any CPU = Debug|Any CPU
		Release|Any CPU = Release|Any CPU
	EndGlobalSection
	GlobalSection(ProjectConfigurationPlatforms) = postSolution
		{631910E7-8DC9-430D-A80B-AE9AB74BF931}.Debug|Any CPU.ActiveCfg = Debug|Any CPU
		{631910E7-8DC9-430D-A80B-AE9AB74BF931}.Debug|Any CPU.Build.0 = Debug|Any CPU
		{631910E7-8DC9-430D-A80B-AE9AB74BF931}.Release|Any CPU.ActiveCfg = Release|Any CPU
		{631910E7-8DC9-430D-A80B-AE9AB74BF931}.Release|Any CPU.Build.0 = Release|Any CPU
	EndGlobalSection
	GlobalSection(SolutionProperties) = preSolution
		HideSolutionNode = FALSE
	EndGlobalSection
	GlobalSection(ExtensibilityGlobals) = postSolution
		SolutionGuid = {45DF648D-F32C-4385-A7BB-A6930D35A8D1}
	EndGlobalSection
EndGlobal
